
Microsoft Visual Studio Solution File, Format Version 12.00
# Visual Studio Version 17
Project("{FAE04EC0-301F-11D3-BF4B-00C04F79EFBC}") = "Aetherphone", "src\Aetherphone\Aetherphone.csproj", "{BE961A1B-416A-4F51-9BF5-09782AFAB400}"
EndProject
Project("{2150E333-8FDC-42A3-9474-1A3956D46DE8}") = "src", "src", "{827E0CD3-B72D-47B6-A68D-7590B98EB39B}"
EndProject
Project("{FAE04EC0-301F-11D3-BF4B-00C04F79EFBC}") = "Aetherphone.Tests", "src\Aetherphone.Tests\Aetherphone.Tests.csproj", "{BDBD9ABF-A99A-4DAF-BA78-A10D755612BD}"
EndProject
Project("{FAE04EC0-301F-11D3-BF4B-00C04F79EFBC}") = "ManagedDoom", "src\ManagedDoom\ManagedDoom.csproj", "{C25B5982-EE95-4B39-8542-08CE44ED8CAC}"
EndProject
Project("{FAE04EC0-301F-11D3-BF4B-00C04F79EFBC}") = "Aetherphone.Harness", "src\Aetherphone.Harness\Aetherphone.Harness.csproj", "{C19B3EEB-0035-41CC-B5F1-0079777F8F99}"
EndProject
Project("{2150E333-8FDC-42A3-9474-1A3956D46DE8}") = "tools", "tools", "{07C2787E-EAC7-C090-1BA3-A61EC2A24D84}"
EndProject
Project("{FAE04EC0-301F-11D3-BF4B-00C04F79EFBC}") = "Bootstrap", "tools\harness\Bootstrap\Bootstrap.csproj", "{9A326DE0-A901-4834-A34D-04E5404C3E2E}"
EndProject
Global
	GlobalSection(SolutionConfigurationPlatforms) = preSolution
		Debug|Any CPU = Debug|Any CPU
		Debug|x64 = Debug|x64
		Debug|x86 = Debug|x86
		Release|Any CPU = Release|Any CPU
		Release|x64 = Release|x64
		Release|x86 = Release|x86
	EndGlobalSection
	GlobalSection(ProjectConfigurationPlatforms) = postSolution
		{BE961A1B-416A-4F51-9BF5-09782AFAB400}.Debug|Any CPU.ActiveCfg = Debug|Any CPU
		{BE961A1B-416A-4F51-9BF5-09782AFAB400}.Debug|Any CPU.Build.0 = Debug|Any CPU
		{BE961A1B-416A-4F51-9BF5-09782AFAB400}.Debug|x64.ActiveCfg = Debug|Any CPU
		{BE961A1B-416A-4F51-9BF5-09782AFAB400}.Debug|x64.Build.0 = Debug|Any CPU
		{BE961A1B-416A-4F51-9BF5-09782AFAB400}.Debug|x86.ActiveCfg = Debug|Any CPU
		{BE961A1B-416A-4F51-9BF5-09782AFAB400}.Debug|x86.Build.0 = Debug|Any CPU
		{BE961A1B-416A-4F51-9BF5-09782AFAB400}.Release|Any CPU.ActiveCfg = Release|Any CPU
		{BE961A1B-416A-4F51-9BF5-09782AFAB400}.Release|Any CPU.Build.0 = Release|Any CPU
		{BE961A1B-416A-4F51-9BF5-09782AFAB400}.Release|x64.ActiveCfg = Release|Any CPU
		{BE961A1B-416A-4F51-9BF5-09782AFAB400}.Release|x64.Build.0 = Release|Any CPU
		{BE961A1B-416A-4F51-9BF5-09782AFAB400}.Release|x86.ActiveCfg = Release|Any CPU
		{BE961A1B-416A-4F51-9BF5-09782AFAB400}.Release|x86.Build.0 = Release|Any CPU
		{BDBD9ABF-A99A-4DAF-BA78-A10D755612BD}.Debug|Any CPU.ActiveCfg = Debug|Any CPU
		{BDBD9ABF-A99A-4DAF-BA78-A10D755612BD}.Debug|Any CPU.Build.0 = Debug|Any CPU
		{BDBD9ABF-A99A-4DAF-BA78-A10D755612BD}.Debug|x64.ActiveCfg = Debug|Any CPU
		{BDBD9ABF-A99A-4DAF-BA78-A10D755612BD}.Debug|x64.Build.0 = Debug|Any CPU
		{BDBD9ABF-A99A-4DAF-BA78-A10D755612BD}.Debug|x86.ActiveCfg = Debug|Any CPU
		{BDBD9ABF-A99A-4DAF-BA78-A10D755612BD}.Debug|x86.Build.0 = Debug|Any CPU
		{BDBD9ABF-A99A-4DAF-BA78-A10D755612BD}.Release|Any CPU.ActiveCfg = Release|Any CPU
		{BDBD9ABF-A99A-4DAF-BA78-A10D755612BD}.Release|Any CPU.Build.0 = Release|Any CPU
		{BDBD9ABF-A99A-4DAF-BA78-A10D755612BD}.Release|x64.ActiveCfg = Release|Any CPU
		{BDBD9ABF-A99A-4DAF-BA78-A10D755612BD}.Release|x64.Build.0 = Release|Any CPU
		{BDBD9ABF-A99A-4DAF-BA78-A10D755612BD}.Release|x86.ActiveCfg = Release|Any CPU
		{BDBD9ABF-A99A-4DAF-BA78-A10D755612BD}.Release|x86.Build.0 = Release|Any CPU
		{C25B5982-EE95-4B39-8542-08CE44ED8CAC}.Debug|Any CPU.ActiveCfg = Debug|Any CPU
		{C25B5982-EE95-4B39-8542-08CE44ED8CAC}.Debug|Any CPU.Build.0 = Debug|Any CPU
		{C25B5982-EE95-4B39-8542-08CE44ED8CAC}.Debug|x64.ActiveCfg = Debug|Any CPU
		{C25B5982-EE95-4B39-8542-08CE44ED8CAC}.Debug|x64.Build.0 = Debug|Any CPU
		{C25B5982-EE95-4B39-8542-08CE44ED8CAC}.Debug|x86.ActiveCfg = Debug|Any CPU
		{C25B5982-EE95-4B39-8542-08CE44ED8CAC}.Debug|x86.Build.0 = Debug|Any CPU
		{C25B5982-EE95-4B39-8542-08CE44ED8CAC}.Release|Any CPU.ActiveCfg = Release|Any CPU
		{C25B5982-EE95-4B39-8542-08CE44ED8CAC}.Release|Any CPU.Build.0 = Release|Any CPU
		{C25B5982-EE95-4B39-8542-08CE44ED8CAC}.Release|x64.ActiveCfg = Release|Any CPU
		{C25B5982-EE95-4B39-8542-08CE44ED8CAC}.Release|x64.Build.0 = Release|Any CPU
		{C25B5982-EE95-4B39-8542-08CE44ED8CAC}.Release|x86.ActiveCfg = Release|Any CPU
		{C25B5982-EE95-4B39-8542-08CE44ED8CAC}.Release|x86.Build.0 = Release|Any CPU
		{C19B3EEB-0035-41CC-B5F1-0079777F8F99}.Debug|Any CPU.ActiveCfg = Debug|Any CPU
		{C19B3EEB-0035-41CC-B5F1-0079777F8F99}.Debug|Any CPU.Build.0 = Debug|Any CPU
		{C19B3EEB-0035-41CC-B5F1-0079777F8F99}.Debug|x64.ActiveCfg = Debug|Any CPU
		{C19B3EEB-0035-41CC-B5F1-0079777F8F99}.Debug|x64.Build.0 = Debug|Any CPU
		{C19B3EEB-0035-41CC-B5F1-0079777F8F99}.Debug|x86.ActiveCfg = Debug|Any CPU
		{C19B3EEB-0035-41CC-B5F1-0079777F8F99}.Debug|x86.Build.0 = Debug|Any CPU
		{C19B3EEB-0035-41CC-B5F1-0079777F8F99}.Release|Any CPU.ActiveCfg = Release|Any CPU
		{C19B3EEB-0035-41CC-B5F1-0079777F8F99}.Release|Any CPU.Build.0 = Release|Any CPU
		{C19B3EEB-0035-41CC-B5F1-0079777F8F99}.Release|x64.ActiveCfg = Release|Any CPU
		{C19B3EEB-0035-41CC-B5F1-0079777F8F99}.Release|x64.Build.0 = Release|Any CPU
		{C19B3EEB-0035-41CC-B5F1-0079777F8F99}.Release|x86.ActiveCfg = Release|Any CPU
		{C19B3EEB-0035-41CC-B5F1-0079777F8F99}.Release|x86.Build.0 = Release|Any CPU
		{9A326DE0-A901-4834-A34D-04E5404C3E2E}.Debug|Any CPU.ActiveCfg = Debug|Any CPU
		{9A326DE0-A901-4834-A34D-04E5404C3E2E}.Debug|Any CPU.Build.0 = Debug|Any CPU
		{9A326DE0-A901-4834-A34D-04E5404C3E2E}.Debug|x64.ActiveCfg = Debug|Any CPU
		{9A326DE0-A901-4834-A34D-04E5404C3E2E}.Debug|x64.Build.0 = Debug|Any CPU
		{9A326DE0-A901-4834-A34D-04E5404C3E2E}.Debug|x86.ActiveCfg = Debug|Any CPU
		{9A326DE0-A901-4834-A34D-04E5404C3E2E}.Debug|x86.Build.0 = Debug|Any CPU
		{9A326DE0-A901-4834-A34D-04E5404C3E2E}.Release|Any CPU.ActiveCfg = Release|Any CPU
		{9A326DE0-A901-4834-A34D-04E5404C3E2E}.Release|Any CPU.Build.0 = Release|Any CPU
		{9A326DE0-A901-4834-A34D-04E5404C3E2E}.Release|x64.ActiveCfg = Release|Any CPU
		{9A326DE0-A901-4834-A34D-04E5404C3E2E}.Release|x64.Build.0 = Release|Any CPU
		{9A326DE0-A901-4834-A34D-04E5404C3E2E}.Release|x86.ActiveCfg = Release|Any CPU
		{9A326DE0-A901-4834-A34D-04E5404C3E2E}.Release|x86.Build.0 = Release|Any CPU
	EndGlobalSection
	GlobalSection(SolutionProperties) = preSolution
		HideSolutionNode = FALSE
	EndGlobalSection
	GlobalSection(NestedProjects) = preSolution
		{BDBD9ABF-A99A-4DAF-BA78-A10D755612BD} = {827E0CD3-B72D-47B6-A68D-7590B98EB39B}
		{C25B5982-EE95-4B39-8542-08CE44ED8CAC} = {827E0CD3-B72D-47B6-A68D-7590B98EB39B}
		{C19B3EEB-0035-41CC-B5F1-0079777F8F99} = {827E0CD3-B72D-47B6-A68D-7590B98EB39B}
		{9A326DE0-A901-4834-A34D-04E5404C3E2E} = {07C2787E-EAC7-C090-1BA3-A61EC2A24D84}
	EndGlobalSection
EndGlobal
